{
  "name": "news-analysis-openai-nodejs-griddb-code",
  "version": "1.0.0",
  "lockfileVersion": 2,
  "requires": true,
  "packages": {
    "": {
      "name": "news-analysis-openai-nodejs-griddb-code",
      "version": "1.0.0",
      "license": "MIT",
      "workspaces": [
        "apps/*"
      ],
      "devDependencies": {
        "turbo": "^1.9.1"
      }
    },
    "node_modules/turbo": {
      "version": "1.9.1",
      "resolved": "https://registry.npmjs.org/turbo/-/turbo-1.9.1.tgz",
      "integrity": "sha512-Rqe8SP96e53y4Pk29kk2aZbA8EF11UtHJ3vzXJseadrc1T3V6UhzvAWwiKJL//x/jojyOoX1axnoxmX3UHbZ0g==",
      "dev": true,
      "hasInstallScript": true,
      "bin": {
        "turbo": "bin/turbo"
      },
      "optionalDependencies": {
        "turbo-darwin-64": "1.9.1",
        "turbo-darwin-arm64": "1.9.1",
        "turbo-linux-64": "1.9.1",
        "turbo-linux-arm64": "1.9.1",
        "turbo-windows-64": "1.9.1",
        "turbo-windows-arm64": "1.9.1"
      }
    },
    "node_modules/turbo-darwin-64": {
      "version": "1.9.1",
      "resolved": "https://registry.npmjs.org/turbo-darwin-64/-/turbo-darwin-64-1.9.1.tgz",
      "integrity": "sha512-IX/Ph4CO80lFKd9pPx3BWpN2dynt6mcUFifyuHUNVkOP1Usza/G9YuZnKQFG6wUwKJbx40morFLjk1TTeLe04w==",
      "cpu": [
        "x64"
      ],
      "dev": true,
      "optional": true,
      "os": [
        "darwin"
      ]
    },
    "node_modules/turbo-darwin-arm64": {
      "version": "1.9.1",
      "resolved": "https://registry.npmjs.org/turbo-darwin-arm64/-/turbo-darwin-arm64-1.9.1.tgz",
      "integrity": "sha512-6tCbmIboy9dTbhIZ/x9KIpje73nvxbiyVnHbr9xKnsxLJavD0xqjHZzbL5U2tHp8chqmYf0E4WYOXd+XCNg+OQ==",
      "cpu": [
        "arm64"
      ],
      "dev": true,
      "optional": true,
      "os": [
        "darwin"
      ]
    },
    "node_modules/turbo-linux-64": {
      "version": "1.9.1",
      "resolved": "https://registry.npmjs.org/turbo-linux-64/-/turbo-linux-64-1.9.1.tgz",
      "integrity": "sha512-ti8XofnJFO1XaadL92lYJXgxb0VBl03Yu9VfhxkOTywFe7USTLBkJcdvQ4EpFk/KZwLiTdCmT2NQVxsG4AxBiQ==",
      "cpu": [
        "x64"
      ],
      "dev": true,
      "optional": true,
      "os": [
        "linux"
      ]
    },
    "node_modules/turbo-linux-arm64": {
      "version": "1.9.1",
      "resolved": "https://registry.npmjs.org/turbo-linux-arm64/-/turbo-linux-arm64-1.9.1.tgz",
      "integrity": "sha512-XYvIbeiCCCr+ENujd2Jtck/lJPTKWb8T2MSL/AEBx21Zy3Sa7HgrQX6LX0a0pNHjaleHz00XXt1D0W5hLeP+tA==",
      "cpu": [
        "arm64"
      ],
      "dev": true,
      "optional": true,
      "os": [
        "linux"
      ]
    },
    "node_modules/turbo-windows-64": {
      "version": "1.9.1",
      "resolved": "https://registry.npmjs.org/turbo-windows-64/-/turbo-windows-64-1.9.1.tgz",
      "integrity": "sha512-x7lWAspe4/v3XQ0gaFRWDX/X9uyWdhwFBPEfb8BA0YKtnsrPOHkV0mRHCRrXzvzjA7pcDCl2agGzb7o863O+Jg==",
      "cpu": [
        "x64"
      ],
      "dev": true,
      "optional": true,
      "os": [
        "win32"
      ]
    },
    "node_modules/turbo-windows-arm64": {
      "version": "1.9.1",
      "resolved": "https://registry.npmjs.org/turbo-windows-arm64/-/turbo-windows-arm64-1.9.1.tgz",
      "integrity": "sha512-QSLNz8dRBLDqXOUv/KnoesBomSbIz2Huef/a3l2+Pat5wkQVgMfzFxDOnkK5VWujPYXz+/prYz+/7cdaC78/kw==",
      "cpu": [
        "arm64"
      ],
      "dev": true,
      "optional": true,
      "os": [
        "win32"
      ]
    }
  },
  "dependencies": {
    "turbo": {
      "version": "1.9.1",
      "resolved": "https://registry.npmjs.org/turbo/-/turbo-1.9.1.tgz",
      "integrity": "sha512-Rqe8SP96e53y4Pk29kk2aZbA8EF11UtHJ3vzXJseadrc1T3V6UhzvAWwiKJL//x/jojyOoX1axnoxmX3UHbZ0g==",
      "dev": true,
      "requires": {
        "turbo-darwin-64": "1.9.1",
        "turbo-darwin-arm64": "1.9.1",
        "turbo-linux-64": "1.9.1",
        "turbo-linux-arm64": "1.9.1",
        "turbo-windows-64": "1.9.1",
        "turbo-windows-arm64": "1.9.1"
      }
    },
    "turbo-darwin-64": {
      "version": "1.9.1",
      "resolved": "https://registry.npmjs.org/turbo-darwin-64/-/turbo-darwin-64-1.9.1.tgz",
      "integrity": "sha512-IX/Ph4CO80lFKd9pPx3BWpN2dynt6mcUFifyuHUNVkOP1Usza/G9YuZnKQFG6wUwKJbx40morFLjk1TTeLe04w==",
      "dev": true,
      "optional": true
    },
    "turbo-darwin-arm64": {
      "version": "1.9.1",
      "resolved": "https://registry.npmjs.org/turbo-darwin-arm64/-/turbo-darwin-arm64-1.9.1.tgz",
      "integrity": "sha512-6tCbmIboy9dTbhIZ/x9KIpje73nvxbiyVnHbr9xKnsxLJavD0xqjHZzbL5U2tHp8chqmYf0E4WYOXd+XCNg+OQ==",
      "dev": true,
      "optional": true
    },
    "turbo-linux-64": {
      "version": "1.9.1",
      "resolved": "https://registry.npmjs.org/turbo-linux-64/-/turbo-linux-64-1.9.1.tgz",
      "integrity": "sha512-ti8XofnJFO1XaadL92lYJXgxb0VBl03Yu9VfhxkOTywFe7USTLBkJcdvQ4EpFk/KZwLiTdCmT2NQVxsG4AxBiQ==",
      "dev": true,
      "optional": true
    },
    "turbo-linux-arm64": {
      "version": "1.9.1",
      "resolved": "https://registry.npmjs.org/turbo-linux-arm64/-/turbo-linux-arm64-1.9.1.tgz",
      "integrity": "sha512-XYvIbeiCCCr+ENujd2Jtck/lJPTKWb8T2MSL/AEBx21Zy3Sa7HgrQX6LX0a0pNHjaleHz00XXt1D0W5hLeP+tA==",
      "dev": true,
      "optional": true
    },
    "turbo-windows-64": {
      "version": "1.9.1",
      "resolved": "https://registry.npmjs.org/turbo-windows-64/-/turbo-windows-64-1.9.1.tgz",
      "integrity": "sha512-x7lWAspe4/v3XQ0gaFRWDX/X9uyWdhwFBPEfb8BA0YKtnsrPOHkV0mRHCRrXzvzjA7pcDCl2agGzb7o863O+Jg==",
      "dev": true,
      "optional": true
    },
    "turbo-windows-arm64": {
      "version": "1.9.1",
      "resolved": "https://registry.npmjs.org/turbo-windows-arm64/-/turbo-windows-arm64-1.9.1.tgz",
      "integrity": "sha512-QSLNz8dRBLDqXOUv/KnoesBomSbIz2Huef/a3l2+Pat5wkQVgMfzFxDOnkK5VWujPYXz+/prYz+/7cdaC78/kw==",
      "dev": true,
      "optional": true
    }
  }
}
